
Microsoft Visual Studio Solution File, Format Version 12.00
# Visual Studio 15
VisualStudioVersion = 15.0.28307.1401
MinimumVisualStudioVersion = 10.0.40219.1
Project("{FAE04EC0-301F-11D3-BF4B-00C04F79EFBC}") = "TiaFileViewer", "TiaFileViewer\TiaFileViewer.csproj", "{B0474288-1C7D-4D28-B9F6-A46E4C71A45E}"
EndProject
Global
	GlobalSection(SolutionConfigurationPlatforms) = preSolution
		Debug|Any CPU = Debug|Any CPU
		Release|Any CPU = Release|Any CPU
	EndGlobalSection
	GlobalSection(ProjectConfigurationPlatforms) = postSolution
		{B0474288-1C7D-4D28-B9F6-A46E4C71A45E}.Debug|Any CPU.ActiveCfg = Debug|Any CPU
		{B0474288-1C7D-4D28-B9F6-A46E4C71A45E}.Debug|Any CPU.Build.0 = Debug|Any CPU
		{B0474288-1C7D-4D28-B9F6-A46E4C71A45E}.Release|Any CPU.ActiveCfg = Release|Any CPU
		{B0474288-1C7D-4D28-B9F6-A46E4C71A45E}.Release|Any CPU.Build.0 = Release|Any CPU
	EndGlobalSection
	GlobalSection(SolutionProperties) = preSolution
		HideSolutionNode = FALSE
	EndGlobalSection
	GlobalSection(ExtensibilityGlobals) = postSolution
		SolutionGuid = {18C10FBA-CBCE-4078-B8E7-D670A2489CA6}
	EndGlobalSection
EndGlobal
